
Microsoft Visual Studio Solution File, Format Version 11.00
# Visual Studio 2010
Project("{FAE04EC0-301F-11D3-BF4B-00C04F79EFBC}") = "Assembly-CSharp-firstpass", "Assembly-CSharp-firstpass.csproj", "{8d265706-046d-c279-305f-ebc60113767c}"
EndProject
Project("{FAE04EC0-301F-11D3-BF4B-00C04F79EFBC}") = "Assembly-CSharp", "Assembly-CSharp.csproj", "{72ad6e7f-1d46-d6d3-74b7-66f4865a6037}"
EndProject
Project("{FAE04EC0-301F-11D3-BF4B-00C04F79EFBC}") = "Assembly-CSharp-Editor-firstpass", "Assembly-CSharp-Editor-firstpass.csproj", "{d871410f-b0c6-104c-c650-87c091818ab2}"
EndProject
Global
	GlobalSection(SolutionConfigurationPlatforms) = preSolution
		Debug|Any CPU = Debug|Any CPU
	EndGlobalSection
	GlobalSection(ProjectConfigurationPlatforms) = postSolution
		{8d265706-046d-c279-305f-ebc60113767c}.Debug|Any CPU.ActiveCfg = Debug|Any CPU
		{8d265706-046d-c279-305f-ebc60113767c}.Debug|Any CPU.Build.0 = Debug|Any CPU
		{72ad6e7f-1d46-d6d3-74b7-66f4865a6037}.Debug|Any CPU.ActiveCfg = Debug|Any CPU
		{72ad6e7f-1d46-d6d3-74b7-66f4865a6037}.Debug|Any CPU.Build.0 = Debug|Any CPU
		{d871410f-b0c6-104c-c650-87c091818ab2}.Debug|Any CPU.ActiveCfg = Debug|Any CPU
		{d871410f-b0c6-104c-c650-87c091818ab2}.Debug|Any CPU.Build.0 = Debug|Any CPU
	EndGlobalSection
	GlobalSection(SolutionProperties) = preSolution
		HideSolutionNode = FALSE
	EndGlobalSection
EndGlobal
